
Microsoft Visual Studio Solution File, Format Version 12.00
# Visual Studio Version 16
VisualStudioVersion = 16.0.31005.135
MinimumVisualStudioVersion = 10.0.40219.1
Project("{9A19103F-16F7-4668-BE54-9A1E7A4F7556}") = "GuitarManager", "StringManager\GuitarManager.csproj", "{0DCEAD44-ACEC-4B7D-A6D7-2442590DDD13}"
EndProject
Project("{9A19103F-16F7-4668-BE54-9A1E7A4F7556}") = "GuitarManager.DataAccess", "StringManager.DataAccess\GuitarManager.DataAccess.csproj", "{89402A20-99B6-4AF1-A4F9-A42539F82B54}"
EndProject
Project("{FAE04EC0-301F-11D3-BF4B-00C04F79EFBC}") = "GuitarManager.ApplicationServices", "GuitarManager.ApplicationServices\GuitarManager.ApplicationServices.csproj", "{7328FB21-FE04-4E03-941D-DEC491D409FC}"
EndProject
Global
	GlobalSection(SolutionConfigurationPlatforms) = preSolution
		Debug|Any CPU = Debug|Any CPU
		Release|Any CPU = Release|Any CPU
	EndGlobalSection
	GlobalSection(ProjectConfigurationPlatforms) = postSolution
		{0DCEAD44-ACEC-4B7D-A6D7-2442590DDD13}.Debug|Any CPU.ActiveCfg = Debug|Any CPU
		{0DCEAD44-ACEC-4B7D-A6D7-2442590DDD13}.Debug|Any CPU.Build.0 = Debug|Any CPU
		{0DCEAD44-ACEC-4B7D-A6D7-2442590DDD13}.Release|Any CPU.ActiveCfg = Release|Any CPU
		{0DCEAD44-ACEC-4B7D-A6D7-2442590DDD13}.Release|Any CPU.Build.0 = Release|Any CPU
		{89402A20-99B6-4AF1-A4F9-A42539F82B54}.Debug|Any CPU.ActiveCfg = Debug|Any CPU
		{89402A20-99B6-4AF1-A4F9-A42539F82B54}.Debug|Any CPU.Build.0 = Debug|Any CPU
		{89402A20-99B6-4AF1-A4F9-A42539F82B54}.Release|Any CPU.ActiveCfg = Release|Any CPU
		{89402A20-99B6-4AF1-A4F9-A42539F82B54}.Release|Any CPU.Build.0 = Release|Any CPU
		{7328FB21-FE04-4E03-941D-DEC491D409FC}.Debug|Any CPU.ActiveCfg = Debug|Any CPU
		{7328FB21-FE04-4E03-941D-DEC491D409FC}.Debug|Any CPU.Build.0 = Debug|Any CPU
		{7328FB21-FE04-4E03-941D-DEC491D409FC}.Release|Any CPU.ActiveCfg = Release|Any CPU
		{7328FB21-FE04-4E03-941D-DEC491D409FC}.Release|Any CPU.Build.0 = Release|Any CPU
	EndGlobalSection
	GlobalSection(SolutionProperties) = preSolution
		HideSolutionNode = FALSE
	EndGlobalSection
	GlobalSection(ExtensibilityGlobals) = postSolution
		SolutionGuid = {AA5BF2A3-B005-446C-88AB-4D89AFD00F41}
	EndGlobalSection
EndGlobal
